
Microsoft Visual Studio Solution File, Format Version 12.00
# Visual Studio Version 17
VisualStudioVersion = 17.4.33110.190
MinimumVisualStudioVersion = 10.0.40219.1
Project("{9A19103F-16F7-4668-BE54-9A1E7A4F7556}") = "furns", "furns\furns.csproj", "{D21C36CE-A26D-40F4-A720-305BEFE3F654}"
EndProject
Project("{9A19103F-16F7-4668-BE54-9A1E7A4F7556}") = "Entities", "Entities\Entities.csproj", "{17F4FA03-C138-4BE3-AB9C-187FACBBAA32}"
EndProject
Project("{9A19103F-16F7-4668-BE54-9A1E7A4F7556}") = "DataAccess", "DataAccess\DataAccess.csproj", "{4B665C15-70DA-4949-A5CC-CF146E7286E7}"
EndProject
Project("{FAE04EC0-301F-11D3-BF4B-00C04F79EFBC}") = "Service", "Service\Service.csproj", "{AF9799C7-92A2-4F5D-AA9F-ED18A80E1896}"
EndProject
Global
	GlobalSection(SolutionConfigurationPlatforms) = preSolution
		Debug|Any CPU = Debug|Any CPU
		Release|Any CPU = Release|Any CPU
	EndGlobalSection
	GlobalSection(ProjectConfigurationPlatforms) = postSolution
		{D21C36CE-A26D-40F4-A720-305BEFE3F654}.Debug|Any CPU.ActiveCfg = Debug|Any CPU
		{D21C36CE-A26D-40F4-A720-305BEFE3F654}.Debug|Any CPU.Build.0 = Debug|Any CPU
		{D21C36CE-A26D-40F4-A720-305BEFE3F654}.Release|Any CPU.ActiveCfg = Release|Any CPU
		{D21C36CE-A26D-40F4-A720-305BEFE3F654}.Release|Any CPU.Build.0 = Release|Any CPU
		{17F4FA03-C138-4BE3-AB9C-187FACBBAA32}.Debug|Any CPU.ActiveCfg = Debug|Any CPU
		{17F4FA03-C138-4BE3-AB9C-187FACBBAA32}.Debug|Any CPU.Build.0 = Debug|Any CPU
		{17F4FA03-C138-4BE3-AB9C-187FACBBAA32}.Release|Any CPU.ActiveCfg = Release|Any CPU
		{17F4FA03-C138-4BE3-AB9C-187FACBBAA32}.Release|Any CPU.Build.0 = Release|Any CPU
		{4B665C15-70DA-4949-A5CC-CF146E7286E7}.Debug|Any CPU.ActiveCfg = Debug|Any CPU
		{4B665C15-70DA-4949-A5CC-CF146E7286E7}.Debug|Any CPU.Build.0 = Debug|Any CPU
		{4B665C15-70DA-4949-A5CC-CF146E7286E7}.Release|Any CPU.ActiveCfg = Release|Any CPU
		{4B665C15-70DA-4949-A5CC-CF146E7286E7}.Release|Any CPU.Build.0 = Release|Any CPU
		{AF9799C7-92A2-4F5D-AA9F-ED18A80E1896}.Debug|Any CPU.ActiveCfg = Debug|Any CPU
		{AF9799C7-92A2-4F5D-AA9F-ED18A80E1896}.Debug|Any CPU.Build.0 = Debug|Any CPU
		{AF9799C7-92A2-4F5D-AA9F-ED18A80E1896}.Release|Any CPU.ActiveCfg = Release|Any CPU
		{AF9799C7-92A2-4F5D-AA9F-ED18A80E1896}.Release|Any CPU.Build.0 = Release|Any CPU
	EndGlobalSection
	GlobalSection(SolutionProperties) = preSolution
		HideSolutionNode = FALSE
	EndGlobalSection
	GlobalSection(ExtensibilityGlobals) = postSolution
		SolutionGuid = {6950BBFB-9D90-4315-9231-51537A194CE2}
	EndGlobalSection
EndGlobal
